<?xml version="1.0" encoding="utf-8"?>
<Project ToolsVersion="4.0" xmlns="http://schemas.microsoft.com/developer/msbuild/2003">
  <ItemGroup>
    <Filter Include="Source Files">
      <UniqueIdentifier>{0519dce2-e04a-4064-b69e-918ccf35999d}</UniqueIdentifier>
    </Filter>
    <Filter Include="Generated Files">
      <UniqueIdentifier>{e9ea994b-a939-4b90-9d55-bdd97a4e5d96}</UniqueIdentifier>
      <SourceControlFiles>False</SourceControlFiles>
    </Filter>
  </ItemGroup>
  <ItemGroup>
    <None Include="COMServerGetSharedNameps.def" />
  </ItemGroup>
  <ItemGroup>
    <ClCompile Include="COMServerGetSharedName_i.c">
      <Filter>Generated Files</Filter>
    </ClCompile>
    <ClCompile Include="COMServerGetSharedName_p.c">
      <Filter>Generated Files</Filter>
    </ClCompile>
    <ClCompile Include="dlldata.c">
      <Filter>Generated Files</Filter>
    </ClCompile>
  </ItemGroup>
</Project>